{
    "_meta": {
        "hash": {
            "sha256": "581fe605b1eedc7dcf90a054266508909ccc04926144242c17efe9c2aba3c02f"
        },
        "pipfile-spec": 6,
        "requires": {
            "python_version": "3.9"
        },
        "sources": [
            {
                "name": "pypi",
                "url": "https://pypi.tuna.tsinghua.edu.cn/simple",
                "verify_ssl": true
            }
        ]
    },
    "default": {},
    "develop": {}
}
